
Microsoft Visual Studio Solution File, Format Version 12.00
# Visual Studio 15
Project("{FAE04EC0-301F-11D3-BF4B-00C04F79EFBC}") = "Detecting_Similarities", "Detecting_Similarities.csproj", "{365E6BC5-3979-4A49-824E-72272D855D29}"
EndProject
Global
	GlobalSection(SolutionConfigurationPlatforms) = preSolution
		Debug|Any CPU = Debug|Any CPU
		Release|Any CPU = Release|Any CPU
		Debug|x64 = Debug|x64
		Release|x64 = Release|x64
	EndGlobalSection
	GlobalSection(ProjectConfigurationPlatforms) = postSolution
		{365E6BC5-3979-4A49-824E-72272D855D29}.Debug|Any CPU.ActiveCfg = Debug|Any CPU
		{365E6BC5-3979-4A49-824E-72272D855D29}.Debug|Any CPU.Build.0 = Debug|Any CPU
		{365E6BC5-3979-4A49-824E-72272D855D29}.Release|Any CPU.ActiveCfg = Release|Any CPU
		{365E6BC5-3979-4A49-824E-72272D855D29}.Release|Any CPU.Build.0 = Release|Any CPU
		{365E6BC5-3979-4A49-824E-72272D855D29}.Debug|x64.ActiveCfg = Debug|x64
		{365E6BC5-3979-4A49-824E-72272D855D29}.Debug|x64.Build.0 = Debug|x64
		{365E6BC5-3979-4A49-824E-72272D855D29}.Release|x64.ActiveCfg = Release|x64
		{365E6BC5-3979-4A49-824E-72272D855D29}.Release|x64.Build.0 = Release|x64
	EndGlobalSection
EndGlobal
